
Microsoft Visual Studio Solution File, Format Version 12.00
# Visual Studio Version 17
VisualStudioVersion = 17.5.002.0
MinimumVisualStudioVersion = 10.0.40219.1
Project("{9A19103F-16F7-4668-BE54-9A1E7A4F7556}") = "BtkAkademi", "BtkAkademi.csproj", "{994A20C8-FED2-41D6-9579-55AB01DC19D1}"
EndProject
Global
	GlobalSection(SolutionConfigurationPlatforms) = preSolution
		Debug|Any CPU = Debug|Any CPU
		Release|Any CPU = Release|Any CPU
	EndGlobalSection
	GlobalSection(ProjectConfigurationPlatforms) = postSolution
		{994A20C8-FED2-41D6-9579-55AB01DC19D1}.Debug|Any CPU.ActiveCfg = Debug|Any CPU
		{994A20C8-FED2-41D6-9579-55AB01DC19D1}.Debug|Any CPU.Build.0 = Debug|Any CPU
		{994A20C8-FED2-41D6-9579-55AB01DC19D1}.Release|Any CPU.ActiveCfg = Release|Any CPU
		{994A20C8-FED2-41D6-9579-55AB01DC19D1}.Release|Any CPU.Build.0 = Release|Any CPU
	EndGlobalSection
	GlobalSection(SolutionProperties) = preSolution
		HideSolutionNode = FALSE
	EndGlobalSection
	GlobalSection(ExtensibilityGlobals) = postSolution
		SolutionGuid = {0066ACC0-5856-4B5B-8A35-316F5565F5BF}
	EndGlobalSection
EndGlobal
